
Microsoft Visual Studio Solution File, Format Version 12.00
# Visual Studio Version 17
VisualStudioVersion = 17.7.34009.444
MinimumVisualStudioVersion = 10.0.40219.1
Project("{FAE04EC0-301F-11D3-BF4B-00C04F79EFBC}") = "ABOUTTT", "ABOUTTT\ABOUTTT.csproj", "{1C7B57D9-47A9-4D1E-931E-B07898D6BC0C}"
EndProject
Global
	GlobalSection(SolutionConfigurationPlatforms) = preSolution
		Debug|Any CPU = Debug|Any CPU
		Release|Any CPU = Release|Any CPU
	EndGlobalSection
	GlobalSection(ProjectConfigurationPlatforms) = postSolution
		{1C7B57D9-47A9-4D1E-931E-B07898D6BC0C}.Debug|Any CPU.ActiveCfg = Debug|Any CPU
		{1C7B57D9-47A9-4D1E-931E-B07898D6BC0C}.Debug|Any CPU.Build.0 = Debug|Any CPU
		{1C7B57D9-47A9-4D1E-931E-B07898D6BC0C}.Release|Any CPU.ActiveCfg = Release|Any CPU
		{1C7B57D9-47A9-4D1E-931E-B07898D6BC0C}.Release|Any CPU.Build.0 = Release|Any CPU
	EndGlobalSection
	GlobalSection(SolutionProperties) = preSolution
		HideSolutionNode = FALSE
	EndGlobalSection
	GlobalSection(ExtensibilityGlobals) = postSolution
		SolutionGuid = {9DE869C3-9B7C-47A1-A3FC-A72C94C3FD13}
	EndGlobalSection
EndGlobal
